
Microsoft Visual Studio Solution File, Format Version 12.00
# Visual Studio Version 17
VisualStudioVersion = 17.8.34330.188
MinimumVisualStudioVersion = 10.0.40219.1
Project("{FAE04EC0-301F-11D3-BF4B-00C04F79EFBC}") = "ElasticSearchWebApi", "ElasticSearchWebApi.csproj", "{CAFD8D55-6AD3-4CE4-B07D-8BF64E02B340}"
EndProject
Global
	GlobalSection(SolutionConfigurationPlatforms) = preSolution
		Debug|Any CPU = Debug|Any CPU
		Release|Any CPU = Release|Any CPU
	EndGlobalSection
	GlobalSection(ProjectConfigurationPlatforms) = postSolution
		{CAFD8D55-6AD3-4CE4-B07D-8BF64E02B340}.Debug|Any CPU.ActiveCfg = Debug|Any CPU
		{CAFD8D55-6AD3-4CE4-B07D-8BF64E02B340}.Debug|Any CPU.Build.0 = Debug|Any CPU
		{CAFD8D55-6AD3-4CE4-B07D-8BF64E02B340}.Release|Any CPU.ActiveCfg = Release|Any CPU
		{CAFD8D55-6AD3-4CE4-B07D-8BF64E02B340}.Release|Any CPU.Build.0 = Release|Any CPU
	EndGlobalSection
	GlobalSection(SolutionProperties) = preSolution
		HideSolutionNode = FALSE
	EndGlobalSection
	GlobalSection(ExtensibilityGlobals) = postSolution
		SolutionGuid = {6EA070E0-2666-409B-9FE2-041DF570E572}
	EndGlobalSection
EndGlobal
