
Microsoft Visual Studio Solution File, Format Version 12.00
# Visual Studio Version 17
VisualStudioVersion = 17.8.34330.188
MinimumVisualStudioVersion = 10.0.40219.1
Project("{2150E333-8FDC-42A3-9474-1A3956D46DE8}") = "BasicTests", "BasicTests", "{EBAA7228-6EBC-4846-A85E-FEAA1A9A08A0}"
EndProject
Project("{2150E333-8FDC-42A3-9474-1A3956D46DE8}") = "src", "src", "{DFD42D9A-5EA9-481E-AD86-CF683846D0C8}"
EndProject
Project("{2150E333-8FDC-42A3-9474-1A3956D46DE8}") = "test", "test", "{97FC8300-10F1-49F1-A714-D51EDB5BE202}"
EndProject
Project("{9A19103F-16F7-4668-BE54-9A1E7A4F7556}") = "CalculatorLibrary", "Basic Tests\src\CalculatorLibrary\CalculatorLibrary.csproj", "{8E33AC21-9C2E-4800-98D4-AAB916DE942B}"
EndProject
Project("{9A19103F-16F7-4668-BE54-9A1E7A4F7556}") = "CalculatorLibrary.Tests.Unit", "Basic Tests\test\CalculatorLibrary.Tests.Unit\CalculatorLibrary.Tests.Unit.csproj", "{BFAADF58-7502-466B-9A92-A3BF517C6B7D}"
EndProject
Project("{2150E333-8FDC-42A3-9474-1A3956D46DE8}") = "Techniques", "Techniques", "{61796ACF-C379-4C13-87CA-72413AC5C4DC}"
EndProject
Project("{2150E333-8FDC-42A3-9474-1A3956D46DE8}") = "src", "src", "{CABE13E1-9379-4A49-948F-4D5F1210557B}"
EndProject
Project("{2150E333-8FDC-42A3-9474-1A3956D46DE8}") = "test", "test", "{4C23CBB3-9973-40A7-99A7-5699610A39EF}"
EndProject
Project("{9A19103F-16F7-4668-BE54-9A1E7A4F7556}") = "TestingTecniques", "Techniques\src\TestingTecniques\TestingTecniques.csproj", "{27A13EC2-3F04-430D-8661-9FD992AFC48A}"
EndProject
Project("{9A19103F-16F7-4668-BE54-9A1E7A4F7556}") = "TestingTecniques.Tests.Unit", "Techniques\test\TestingTecniques.Tests.Unit\TestingTecniques.Tests.Unit.csproj", "{E114B736-3792-4D7E-B71D-75AE421D12A6}"
EndProject
Project("{2150E333-8FDC-42A3-9474-1A3956D46DE8}") = "Concepts", "Concepts", "{BC9DD2E3-5B69-45A1-A55F-3540B40E0036}"
EndProject
Project("{2150E333-8FDC-42A3-9474-1A3956D46DE8}") = "src", "src", "{7BA3DDCC-49F2-4132-A9EC-447CEF4D6051}"
EndProject
Project("{2150E333-8FDC-42A3-9474-1A3956D46DE8}") = "test", "test", "{C28C2222-C685-4963-B217-6206DA99C320}"
EndProject
Project("{FAE04EC0-301F-11D3-BF4B-00C04F79EFBC}") = "UnderstandingDependecies.WebApi", "Concepts\src\UnderstandingDependecies.WebApi\UnderstandingDependecies.WebApi.csproj", "{B4B05CD2-2EE5-4F7C-BFBC-DC788A1C8073}"
EndProject
Project("{FAE04EC0-301F-11D3-BF4B-00C04F79EFBC}") = "UnderstandingDependencies.WebApi.Tests.Unit", "Concepts\test\UnderstandingDependencies.WebApi.Tests.Unit\UnderstandingDependencies.WebApi.Tests.Unit.csproj", "{DFF8FE99-4996-491B-8D06-EF74BC02BDF0}"
EndProject
Project("{2150E333-8FDC-42A3-9474-1A3956D46DE8}") = "RealWorld", "RealWorld", "{D708BC7F-6944-456C-8A43-0EBFF8670C99}"
EndProject
Project("{2150E333-8FDC-42A3-9474-1A3956D46DE8}") = "src", "src", "{48930280-CE5C-40B5-B2C2-665453533E4B}"
EndProject
Project("{2150E333-8FDC-42A3-9474-1A3956D46DE8}") = "test", "test", "{59362CBE-EC4B-4E79-836A-D01690D8D351}"
EndProject
Project("{9A19103F-16F7-4668-BE54-9A1E7A4F7556}") = "UnderstandingDependecies.WebApi", "RealWorld\src\UnderstandingDependecies.WebApi\UnderstandingDependecies.WebApi.csproj", "{CC7D59BB-96FB-427E-9BE0-2300D2BFB7BF}"
EndProject
Project("{9A19103F-16F7-4668-BE54-9A1E7A4F7556}") = "UnderstandingDependencies.WebApi.Tests.Unit", "RealWorld\test\UnderstandingDependencies.WebApi.Tests.Unit\UnderstandingDependencies.WebApi.Tests.Unit.csproj", "{1E814B8A-C612-4F42-BB6E-D3155881D972}"
EndProject
Global
	GlobalSection(SolutionConfigurationPlatforms) = preSolution
		Debug|Any CPU = Debug|Any CPU
		Release|Any CPU = Release|Any CPU
	EndGlobalSection
	GlobalSection(ProjectConfigurationPlatforms) = postSolution
		{8E33AC21-9C2E-4800-98D4-AAB916DE942B}.Debug|Any CPU.ActiveCfg = Debug|Any CPU
		{8E33AC21-9C2E-4800-98D4-AAB916DE942B}.Debug|Any CPU.Build.0 = Debug|Any CPU
		{8E33AC21-9C2E-4800-98D4-AAB916DE942B}.Release|Any CPU.ActiveCfg = Release|Any CPU
		{8E33AC21-9C2E-4800-98D4-AAB916DE942B}.Release|Any CPU.Build.0 = Release|Any CPU
		{BFAADF58-7502-466B-9A92-A3BF517C6B7D}.Debug|Any CPU.ActiveCfg = Debug|Any CPU
		{BFAADF58-7502-466B-9A92-A3BF517C6B7D}.Debug|Any CPU.Build.0 = Debug|Any CPU
		{BFAADF58-7502-466B-9A92-A3BF517C6B7D}.Release|Any CPU.ActiveCfg = Release|Any CPU
		{BFAADF58-7502-466B-9A92-A3BF517C6B7D}.Release|Any CPU.Build.0 = Release|Any CPU
		{27A13EC2-3F04-430D-8661-9FD992AFC48A}.Debug|Any CPU.ActiveCfg = Debug|Any CPU
		{27A13EC2-3F04-430D-8661-9FD992AFC48A}.Debug|Any CPU.Build.0 = Debug|Any CPU
		{27A13EC2-3F04-430D-8661-9FD992AFC48A}.Release|Any CPU.ActiveCfg = Release|Any CPU
		{27A13EC2-3F04-430D-8661-9FD992AFC48A}.Release|Any CPU.Build.0 = Release|Any CPU
		{E114B736-3792-4D7E-B71D-75AE421D12A6}.Debug|Any CPU.ActiveCfg = Debug|Any CPU
		{E114B736-3792-4D7E-B71D-75AE421D12A6}.Debug|Any CPU.Build.0 = Debug|Any CPU
		{E114B736-3792-4D7E-B71D-75AE421D12A6}.Release|Any CPU.ActiveCfg = Release|Any CPU
		{E114B736-3792-4D7E-B71D-75AE421D12A6}.Release|Any CPU.Build.0 = Release|Any CPU
		{B4B05CD2-2EE5-4F7C-BFBC-DC788A1C8073}.Debug|Any CPU.ActiveCfg = Debug|Any CPU
		{B4B05CD2-2EE5-4F7C-BFBC-DC788A1C8073}.Debug|Any CPU.Build.0 = Debug|Any CPU
		{B4B05CD2-2EE5-4F7C-BFBC-DC788A1C8073}.Release|Any CPU.ActiveCfg = Release|Any CPU
		{B4B05CD2-2EE5-4F7C-BFBC-DC788A1C8073}.Release|Any CPU.Build.0 = Release|Any CPU
		{DFF8FE99-4996-491B-8D06-EF74BC02BDF0}.Debug|Any CPU.ActiveCfg = Debug|Any CPU
		{DFF8FE99-4996-491B-8D06-EF74BC02BDF0}.Debug|Any CPU.Build.0 = Debug|Any CPU
		{DFF8FE99-4996-491B-8D06-EF74BC02BDF0}.Release|Any CPU.ActiveCfg = Release|Any CPU
		{DFF8FE99-4996-491B-8D06-EF74BC02BDF0}.Release|Any CPU.Build.0 = Release|Any CPU
		{CC7D59BB-96FB-427E-9BE0-2300D2BFB7BF}.Debug|Any CPU.ActiveCfg = Debug|Any CPU
		{CC7D59BB-96FB-427E-9BE0-2300D2BFB7BF}.Debug|Any CPU.Build.0 = Debug|Any CPU
		{CC7D59BB-96FB-427E-9BE0-2300D2BFB7BF}.Release|Any CPU.ActiveCfg = Release|Any CPU
		{CC7D59BB-96FB-427E-9BE0-2300D2BFB7BF}.Release|Any CPU.Build.0 = Release|Any CPU
		{1E814B8A-C612-4F42-BB6E-D3155881D972}.Debug|Any CPU.ActiveCfg = Debug|Any CPU
		{1E814B8A-C612-4F42-BB6E-D3155881D972}.Debug|Any CPU.Build.0 = Debug|Any CPU
		{1E814B8A-C612-4F42-BB6E-D3155881D972}.Release|Any CPU.ActiveCfg = Release|Any CPU
		{1E814B8A-C612-4F42-BB6E-D3155881D972}.Release|Any CPU.Build.0 = Release|Any CPU
	EndGlobalSection
	GlobalSection(SolutionProperties) = preSolution
		HideSolutionNode = FALSE
	EndGlobalSection
	GlobalSection(NestedProjects) = preSolution
		{DFD42D9A-5EA9-481E-AD86-CF683846D0C8} = {EBAA7228-6EBC-4846-A85E-FEAA1A9A08A0}
		{97FC8300-10F1-49F1-A714-D51EDB5BE202} = {EBAA7228-6EBC-4846-A85E-FEAA1A9A08A0}
		{8E33AC21-9C2E-4800-98D4-AAB916DE942B} = {DFD42D9A-5EA9-481E-AD86-CF683846D0C8}
		{BFAADF58-7502-466B-9A92-A3BF517C6B7D} = {97FC8300-10F1-49F1-A714-D51EDB5BE202}
		{CABE13E1-9379-4A49-948F-4D5F1210557B} = {61796ACF-C379-4C13-87CA-72413AC5C4DC}
		{4C23CBB3-9973-40A7-99A7-5699610A39EF} = {61796ACF-C379-4C13-87CA-72413AC5C4DC}
		{27A13EC2-3F04-430D-8661-9FD992AFC48A} = {CABE13E1-9379-4A49-948F-4D5F1210557B}
		{E114B736-3792-4D7E-B71D-75AE421D12A6} = {4C23CBB3-9973-40A7-99A7-5699610A39EF}
		{7BA3DDCC-49F2-4132-A9EC-447CEF4D6051} = {BC9DD2E3-5B69-45A1-A55F-3540B40E0036}
		{C28C2222-C685-4963-B217-6206DA99C320} = {BC9DD2E3-5B69-45A1-A55F-3540B40E0036}
		{B4B05CD2-2EE5-4F7C-BFBC-DC788A1C8073} = {7BA3DDCC-49F2-4132-A9EC-447CEF4D6051}
		{DFF8FE99-4996-491B-8D06-EF74BC02BDF0} = {C28C2222-C685-4963-B217-6206DA99C320}
		{48930280-CE5C-40B5-B2C2-665453533E4B} = {D708BC7F-6944-456C-8A43-0EBFF8670C99}
		{59362CBE-EC4B-4E79-836A-D01690D8D351} = {D708BC7F-6944-456C-8A43-0EBFF8670C99}
		{CC7D59BB-96FB-427E-9BE0-2300D2BFB7BF} = {48930280-CE5C-40B5-B2C2-665453533E4B}
		{1E814B8A-C612-4F42-BB6E-D3155881D972} = {59362CBE-EC4B-4E79-836A-D01690D8D351}
	EndGlobalSection
	GlobalSection(ExtensibilityGlobals) = postSolution
		SolutionGuid = {A41D96C3-732D-4AC2-9158-927C39218816}
	EndGlobalSection
EndGlobal
