
Microsoft Visual Studio Solution File, Format Version 12.00
# Visual Studio Version 17
VisualStudioVersion = 17.8.34330.188
MinimumVisualStudioVersion = 10.0.40219.1
Project("{FAE04EC0-301F-11D3-BF4B-00C04F79EFBC}") = "PerformanceWebApi", "PerformanceWebApi.csproj", "{175D4686-2130-4A3C-B368-BEE3A9238904}"
EndProject
Global
	GlobalSection(SolutionConfigurationPlatforms) = preSolution
		Debug|Any CPU = Debug|Any CPU
		Release|Any CPU = Release|Any CPU
	EndGlobalSection
	GlobalSection(ProjectConfigurationPlatforms) = postSolution
		{175D4686-2130-4A3C-B368-BEE3A9238904}.Debug|Any CPU.ActiveCfg = Debug|Any CPU
		{175D4686-2130-4A3C-B368-BEE3A9238904}.Debug|Any CPU.Build.0 = Debug|Any CPU
		{175D4686-2130-4A3C-B368-BEE3A9238904}.Release|Any CPU.ActiveCfg = Release|Any CPU
		{175D4686-2130-4A3C-B368-BEE3A9238904}.Release|Any CPU.Build.0 = Release|Any CPU
	EndGlobalSection
	GlobalSection(SolutionProperties) = preSolution
		HideSolutionNode = FALSE
	EndGlobalSection
	GlobalSection(ExtensibilityGlobals) = postSolution
		SolutionGuid = {AE14E87E-C214-4B57-B911-DE9679C3A643}
	EndGlobalSection
EndGlobal
